
Microsoft Visual Studio Solution File, Format Version 12.00
# Visual Studio 14
VisualStudioVersion = 14.0.24720.0
MinimumVisualStudioVersion = 10.0.40219.1
Project("{8BC9CEB8-8B4A-11D0-8D11-00A0C91BC942}") = "Week 2", "Week 2\Week 2.vcxproj", "{E028BE15-C347-4D70-A949-0FF990E6D41D}"
EndProject
Project("{8BC9CEB8-8B4A-11D0-8D11-00A0C91BC942}") = "Week 3", "Week 3\Week 3.vcxproj", "{255FBF1A-95F6-456D-8F11-385693E87D04}"
EndProject
Project("{8BC9CEB8-8B4A-11D0-8D11-00A0C91BC942}") = "AITest", "AITest\AITest.vcxproj", "{3E0C1F9B-6AC2-4BE1-B337-7CC2D604F28C}"
EndProject
Project("{8BC9CEB8-8B4A-11D0-8D11-00A0C91BC942}") = "test", "test\test.vcxproj", "{DE712428-2C93-4B33-B246-3BD0E568B766}"
EndProject
Project("{8BC9CEB8-8B4A-11D0-8D11-00A0C91BC942}") = "ACM3299", "ACM3299\ACM3299.vcxproj", "{C1D6816E-8C5B-4C78-A057-68E9ECD71576}"
EndProject
Project("{8BC9CEB8-8B4A-11D0-8D11-00A0C91BC942}") = "triangle", "triangle\triangle.vcxproj", "{5B13BE11-3777-4FF2-9721-54D47A69A445}"
EndProject
Project("{8BC9CEB8-8B4A-11D0-8D11-00A0C91BC942}") = "ACM2318", "ACM2318\ACM2318.vcxproj", "{1E10F815-D07B-450A-B26E-3E7E7FEA9388}"
EndProject
Project("{8BC9CEB8-8B4A-11D0-8D11-00A0C91BC942}") = "noip2014t1", "noip2014t1\noip2014t1.vcxproj", "{9C28D6CD-4BB0-44AF-87E6-F0911C9E3C29}"
EndProject
Project("{8BC9CEB8-8B4A-11D0-8D11-00A0C91BC942}") = "noip2014t3", "noip2014t3\noip2014t3.vcxproj", "{9771F640-6FF7-477C-BF48-7C767E674147}"
EndProject
Project("{8BC9CEB8-8B4A-11D0-8D11-00A0C91BC942}") = "zyt1", "zyt1\zyt1.vcxproj", "{6D1C24E3-5890-4B1D-91F9-C8A1D2F2A6EC}"
EndProject
Project("{8BC9CEB8-8B4A-11D0-8D11-00A0C91BC942}") = "noip2014t2", "noip2014t2\noip2014t2.vcxproj", "{51C94F91-DFEA-4A7D-A389-BB645742F001}"
EndProject
Project("{8BC9CEB8-8B4A-11D0-8D11-00A0C91BC942}") = "noip2014t4", "noip2014t4\noip2014t4.vcxproj", "{3C9F9E2E-170C-4D8F-AA49-986CDC141190}"
EndProject
Project("{8BC9CEB8-8B4A-11D0-8D11-00A0C91BC942}") = "Week 4", "Week 4\Week 4.vcxproj", "{4CC3FCD0-029B-4A08-BEA8-9F58C3163662}"
EndProject
Project("{8BC9CEB8-8B4A-11D0-8D11-00A0C91BC942}") = "Week 5", "week5\week5.vcxproj", "{2842DB0C-B54E-41F5-803E-1A31635FE8B7}"
EndProject
Project("{8BC9CEB8-8B4A-11D0-8D11-00A0C91BC942}") = "Week 6", "week6\week6.vcxproj", "{DB59A67C-07F9-4AC7-A3B8-2C1FE9159347}"
EndProject
Project("{8BC9CEB8-8B4A-11D0-8D11-00A0C91BC942}") = "Week 7", "Week\Week.vcxproj", "{8FA488B1-CC5E-4E96-95E4-B3C15C441E8A}"
EndProject
Project("{8BC9CEB8-8B4A-11D0-8D11-00A0C91BC942}") = "Week 8", "Week8\Week8.vcxproj", "{651174F0-D5ED-406B-B939-1134E4912B40}"
EndProject
Project("{8BC9CEB8-8B4A-11D0-8D11-00A0C91BC942}") = "Week 9", "Week 9\Week 9.vcxproj", "{FF102E91-AB4B-4894-8C35-0DEEE099C8C7}"
EndProject
Project("{8BC9CEB8-8B4A-11D0-8D11-00A0C91BC942}") = "Week 10", "Week 10\Week 10.vcxproj", "{231DE472-34CE-43B0-9BD7-989DA8746888}"
EndProject
Project("{8BC9CEB8-8B4A-11D0-8D11-00A0C91BC942}") = "HW 4", "HW 4\HW 4.vcxproj", "{DB46754E-93D4-45E9-8F13-9A8968DDC9DF}"
EndProject
Project("{8BC9CEB8-8B4A-11D0-8D11-00A0C91BC942}") = "quick union", "quick union\quick union.vcxproj", "{90DFEC26-D830-4E93-A102-89ED96360E75}"
EndProject
Project("{8BC9CEB8-8B4A-11D0-8D11-00A0C91BC942}") = "ACM1001", "ACM1001\ACM1001.vcxproj", "{EF5E22DF-09AD-4446-B42B-BC4EFCDDB761}"
EndProject
Project("{8BC9CEB8-8B4A-11D0-8D11-00A0C91BC942}") = "zyt2", "zyt2\zyt2.vcxproj", "{5C41931F-751D-4B8B-BD28-E92BCE24EE48}"
EndProject
Project("{8BC9CEB8-8B4A-11D0-8D11-00A0C91BC942}") = "MergeSort", "MergeSort\MergeSort.vcxproj", "{9A2F14F8-4EDB-4D74-85E9-5228B2EFF4A9}"
EndProject
Project("{8BC9CEB8-8B4A-11D0-8D11-00A0C91BC942}") = "Week 1 Ext", "Week 1 Ext\Week 1 Ext.vcxproj", "{FEF7B296-AFD7-4AE5-80D9-91747CE8A3D9}"
EndProject
Project("{8BC9CEB8-8B4A-11D0-8D11-00A0C91BC942}") = "Week 11", "Week 11\Week 11.vcxproj", "{35E04AB3-3622-4FC1-8D70-FB12373B2B95}"
EndProject
Project("{8BC9CEB8-8B4A-11D0-8D11-00A0C91BC942}") = "Week 12", "Week 12\Week 12.vcxproj", "{FFFB801E-8943-40F2-9404-111898387A11}"
EndProject
Project("{8BC9CEB8-8B4A-11D0-8D11-00A0C91BC942}") = "Week 1", "Week 1\Week 1.vcxproj", "{6B7FF0AE-799C-42D2-9E11-7C51D802FE5C}"
EndProject
Global
	GlobalSection(SolutionConfigurationPlatforms) = preSolution
		Debug|Win32 = Debug|Win32
		Debug|x64 = Debug|x64
		Release|Win32 = Release|Win32
		Release|x64 = Release|x64
	EndGlobalSection
	GlobalSection(ProjectConfigurationPlatforms) = postSolution
		{E028BE15-C347-4D70-A949-0FF990E6D41D}.Debug|Win32.ActiveCfg = Debug|Win32
		{E028BE15-C347-4D70-A949-0FF990E6D41D}.Debug|Win32.Build.0 = Debug|Win32
		{E028BE15-C347-4D70-A949-0FF990E6D41D}.Debug|x64.ActiveCfg = Debug|Win32
		{E028BE15-C347-4D70-A949-0FF990E6D41D}.Release|Win32.ActiveCfg = Release|Win32
		{E028BE15-C347-4D70-A949-0FF990E6D41D}.Release|Win32.Build.0 = Release|Win32
		{E028BE15-C347-4D70-A949-0FF990E6D41D}.Release|x64.ActiveCfg = Release|Win32
		{255FBF1A-95F6-456D-8F11-385693E87D04}.Debug|Win32.ActiveCfg = Debug|Win32
		{255FBF1A-95F6-456D-8F11-385693E87D04}.Debug|Win32.Build.0 = Debug|Win32
		{255FBF1A-95F6-456D-8F11-385693E87D04}.Debug|x64.ActiveCfg = Debug|Win32
		{255FBF1A-95F6-456D-8F11-385693E87D04}.Release|Win32.ActiveCfg = Release|Win32
		{255FBF1A-95F6-456D-8F11-385693E87D04}.Release|Win32.Build.0 = Release|Win32
		{255FBF1A-95F6-456D-8F11-385693E87D04}.Release|x64.ActiveCfg = Release|Win32
		{3E0C1F9B-6AC2-4BE1-B337-7CC2D604F28C}.Debug|Win32.ActiveCfg = Debug|Win32
		{3E0C1F9B-6AC2-4BE1-B337-7CC2D604F28C}.Debug|Win32.Build.0 = Debug|Win32
		{3E0C1F9B-6AC2-4BE1-B337-7CC2D604F28C}.Debug|x64.ActiveCfg = Debug|Win32
		{3E0C1F9B-6AC2-4BE1-B337-7CC2D604F28C}.Release|Win32.ActiveCfg = Release|Win32
		{3E0C1F9B-6AC2-4BE1-B337-7CC2D604F28C}.Release|Win32.Build.0 = Release|Win32
		{3E0C1F9B-6AC2-4BE1-B337-7CC2D604F28C}.Release|x64.ActiveCfg = Release|Win32
		{DE712428-2C93-4B33-B246-3BD0E568B766}.Debug|Win32.ActiveCfg = Debug|Win32
		{DE712428-2C93-4B33-B246-3BD0E568B766}.Debug|Win32.Build.0 = Debug|Win32
		{DE712428-2C93-4B33-B246-3BD0E568B766}.Debug|x64.ActiveCfg = Debug|Win32
		{DE712428-2C93-4B33-B246-3BD0E568B766}.Release|Win32.ActiveCfg = Release|Win32
		{DE712428-2C93-4B33-B246-3BD0E568B766}.Release|Win32.Build.0 = Release|Win32
		{DE712428-2C93-4B33-B246-3BD0E568B766}.Release|x64.ActiveCfg = Release|Win32
		{C1D6816E-8C5B-4C78-A057-68E9ECD71576}.Debug|Win32.ActiveCfg = Debug|Win32
		{C1D6816E-8C5B-4C78-A057-68E9ECD71576}.Debug|Win32.Build.0 = Debug|Win32
		{C1D6816E-8C5B-4C78-A057-68E9ECD71576}.Debug|x64.ActiveCfg = Debug|Win32
		{C1D6816E-8C5B-4C78-A057-68E9ECD71576}.Release|Win32.ActiveCfg = Release|Win32
		{C1D6816E-8C5B-4C78-A057-68E9ECD71576}.Release|Win32.Build.0 = Release|Win32
		{C1D6816E-8C5B-4C78-A057-68E9ECD71576}.Release|x64.ActiveCfg = Release|Win32
		{5B13BE11-3777-4FF2-9721-54D47A69A445}.Debug|Win32.ActiveCfg = Debug|Win32
		{5B13BE11-3777-4FF2-9721-54D47A69A445}.Debug|Win32.Build.0 = Debug|Win32
		{5B13BE11-3777-4FF2-9721-54D47A69A445}.Debug|x64.ActiveCfg = Debug|Win32
		{5B13BE11-3777-4FF2-9721-54D47A69A445}.Release|Win32.ActiveCfg = Release|Win32
		{5B13BE11-3777-4FF2-9721-54D47A69A445}.Release|Win32.Build.0 = Release|Win32
		{5B13BE11-3777-4FF2-9721-54D47A69A445}.Release|x64.ActiveCfg = Release|Win32
		{1E10F815-D07B-450A-B26E-3E7E7FEA9388}.Debug|Win32.ActiveCfg = Debug|Win32
		{1E10F815-D07B-450A-B26E-3E7E7FEA9388}.Debug|Win32.Build.0 = Debug|Win32
		{1E10F815-D07B-450A-B26E-3E7E7FEA9388}.Debug|x64.ActiveCfg = Debug|Win32
		{1E10F815-D07B-450A-B26E-3E7E7FEA9388}.Release|Win32.ActiveCfg = Release|Win32
		{1E10F815-D07B-450A-B26E-3E7E7FEA9388}.Release|Win32.Build.0 = Release|Win32
		{1E10F815-D07B-450A-B26E-3E7E7FEA9388}.Release|x64.ActiveCfg = Release|Win32
		{9C28D6CD-4BB0-44AF-87E6-F0911C9E3C29}.Debug|Win32.ActiveCfg = Debug|Win32
		{9C28D6CD-4BB0-44AF-87E6-F0911C9E3C29}.Debug|Win32.Build.0 = Debug|Win32
		{9C28D6CD-4BB0-44AF-87E6-F0911C9E3C29}.Debug|x64.ActiveCfg = Debug|Win32
		{9C28D6CD-4BB0-44AF-87E6-F0911C9E3C29}.Release|Win32.ActiveCfg = Release|Win32
		{9C28D6CD-4BB0-44AF-87E6-F0911C9E3C29}.Release|Win32.Build.0 = Release|Win32
		{9C28D6CD-4BB0-44AF-87E6-F0911C9E3C29}.Release|x64.ActiveCfg = Release|Win32
		{9771F640-6FF7-477C-BF48-7C767E674147}.Debug|Win32.ActiveCfg = Debug|Win32
		{9771F640-6FF7-477C-BF48-7C767E674147}.Debug|Win32.Build.0 = Debug|Win32
		{9771F640-6FF7-477C-BF48-7C767E674147}.Debug|x64.ActiveCfg = Debug|Win32
		{9771F640-6FF7-477C-BF48-7C767E674147}.Release|Win32.ActiveCfg = Release|Win32
		{9771F640-6FF7-477C-BF48-7C767E674147}.Release|Win32.Build.0 = Release|Win32
		{9771F640-6FF7-477C-BF48-7C767E674147}.Release|x64.ActiveCfg = Release|Win32
		{6D1C24E3-5890-4B1D-91F9-C8A1D2F2A6EC}.Debug|Win32.ActiveCfg = Debug|Win32
		{6D1C24E3-5890-4B1D-91F9-C8A1D2F2A6EC}.Debug|Win32.Build.0 = Debug|Win32
		{6D1C24E3-5890-4B1D-91F9-C8A1D2F2A6EC}.Debug|x64.ActiveCfg = Debug|x64
		{6D1C24E3-5890-4B1D-91F9-C8A1D2F2A6EC}.Debug|x64.Build.0 = Debug|x64
		{6D1C24E3-5890-4B1D-91F9-C8A1D2F2A6EC}.Release|Win32.ActiveCfg = Release|Win32
		{6D1C24E3-5890-4B1D-91F9-C8A1D2F2A6EC}.Release|Win32.Build.0 = Release|Win32
		{6D1C24E3-5890-4B1D-91F9-C8A1D2F2A6EC}.Release|x64.ActiveCfg = Release|x64
		{6D1C24E3-5890-4B1D-91F9-C8A1D2F2A6EC}.Release|x64.Build.0 = Release|x64
		{51C94F91-DFEA-4A7D-A389-BB645742F001}.Debug|Win32.ActiveCfg = Debug|Win32
		{51C94F91-DFEA-4A7D-A389-BB645742F001}.Debug|Win32.Build.0 = Debug|Win32
		{51C94F91-DFEA-4A7D-A389-BB645742F001}.Debug|x64.ActiveCfg = Debug|x64
		{51C94F91-DFEA-4A7D-A389-BB645742F001}.Debug|x64.Build.0 = Debug|x64
		{51C94F91-DFEA-4A7D-A389-BB645742F001}.Release|Win32.ActiveCfg = Release|Win32
		{51C94F91-DFEA-4A7D-A389-BB645742F001}.Release|Win32.Build.0 = Release|Win32
		{51C94F91-DFEA-4A7D-A389-BB645742F001}.Release|x64.ActiveCfg = Release|x64
		{51C94F91-DFEA-4A7D-A389-BB645742F001}.Release|x64.Build.0 = Release|x64
		{3C9F9E2E-170C-4D8F-AA49-986CDC141190}.Debug|Win32.ActiveCfg = Debug|Win32
		{3C9F9E2E-170C-4D8F-AA49-986CDC141190}.Debug|Win32.Build.0 = Debug|Win32
		{3C9F9E2E-170C-4D8F-AA49-986CDC141190}.Debug|x64.ActiveCfg = Debug|x64
		{3C9F9E2E-170C-4D8F-AA49-986CDC141190}.Debug|x64.Build.0 = Debug|x64
		{3C9F9E2E-170C-4D8F-AA49-986CDC141190}.Release|Win32.ActiveCfg = Release|Win32
		{3C9F9E2E-170C-4D8F-AA49-986CDC141190}.Release|Win32.Build.0 = Release|Win32
		{3C9F9E2E-170C-4D8F-AA49-986CDC141190}.Release|x64.ActiveCfg = Release|x64
		{3C9F9E2E-170C-4D8F-AA49-986CDC141190}.Release|x64.Build.0 = Release|x64
		{4CC3FCD0-029B-4A08-BEA8-9F58C3163662}.Debug|Win32.ActiveCfg = Debug|Win32
		{4CC3FCD0-029B-4A08-BEA8-9F58C3163662}.Debug|Win32.Build.0 = Debug|Win32
		{4CC3FCD0-029B-4A08-BEA8-9F58C3163662}.Debug|x64.ActiveCfg = Debug|x64
		{4CC3FCD0-029B-4A08-BEA8-9F58C3163662}.Debug|x64.Build.0 = Debug|x64
		{4CC3FCD0-029B-4A08-BEA8-9F58C3163662}.Release|Win32.ActiveCfg = Release|Win32
		{4CC3FCD0-029B-4A08-BEA8-9F58C3163662}.Release|Win32.Build.0 = Release|Win32
		{4CC3FCD0-029B-4A08-BEA8-9F58C3163662}.Release|x64.ActiveCfg = Release|x64
		{4CC3FCD0-029B-4A08-BEA8-9F58C3163662}.Release|x64.Build.0 = Release|x64
		{2842DB0C-B54E-41F5-803E-1A31635FE8B7}.Debug|Win32.ActiveCfg = Debug|Win32
		{2842DB0C-B54E-41F5-803E-1A31635FE8B7}.Debug|Win32.Build.0 = Debug|Win32
		{2842DB0C-B54E-41F5-803E-1A31635FE8B7}.Debug|x64.ActiveCfg = Debug|x64
		{2842DB0C-B54E-41F5-803E-1A31635FE8B7}.Debug|x64.Build.0 = Debug|x64
		{2842DB0C-B54E-41F5-803E-1A31635FE8B7}.Release|Win32.ActiveCfg = Release|Win32
		{2842DB0C-B54E-41F5-803E-1A31635FE8B7}.Release|Win32.Build.0 = Release|Win32
		{2842DB0C-B54E-41F5-803E-1A31635FE8B7}.Release|x64.ActiveCfg = Release|x64
		{2842DB0C-B54E-41F5-803E-1A31635FE8B7}.Release|x64.Build.0 = Release|x64
		{DB59A67C-07F9-4AC7-A3B8-2C1FE9159347}.Debug|Win32.ActiveCfg = Debug|Win32
		{DB59A67C-07F9-4AC7-A3B8-2C1FE9159347}.Debug|Win32.Build.0 = Debug|Win32
		{DB59A67C-07F9-4AC7-A3B8-2C1FE9159347}.Debug|x64.ActiveCfg = Debug|x64
		{DB59A67C-07F9-4AC7-A3B8-2C1FE9159347}.Debug|x64.Build.0 = Debug|x64
		{DB59A67C-07F9-4AC7-A3B8-2C1FE9159347}.Release|Win32.ActiveCfg = Release|Win32
		{DB59A67C-07F9-4AC7-A3B8-2C1FE9159347}.Release|Win32.Build.0 = Release|Win32
		{DB59A67C-07F9-4AC7-A3B8-2C1FE9159347}.Release|x64.ActiveCfg = Release|x64
		{DB59A67C-07F9-4AC7-A3B8-2C1FE9159347}.Release|x64.Build.0 = Release|x64
		{8FA488B1-CC5E-4E96-95E4-B3C15C441E8A}.Debug|Win32.ActiveCfg = Debug|Win32
		{8FA488B1-CC5E-4E96-95E4-B3C15C441E8A}.Debug|Win32.Build.0 = Debug|Win32
		{8FA488B1-CC5E-4E96-95E4-B3C15C441E8A}.Debug|x64.ActiveCfg = Debug|x64
		{8FA488B1-CC5E-4E96-95E4-B3C15C441E8A}.Debug|x64.Build.0 = Debug|x64
		{8FA488B1-CC5E-4E96-95E4-B3C15C441E8A}.Release|Win32.ActiveCfg = Release|Win32
		{8FA488B1-CC5E-4E96-95E4-B3C15C441E8A}.Release|Win32.Build.0 = Release|Win32
		{8FA488B1-CC5E-4E96-95E4-B3C15C441E8A}.Release|x64.ActiveCfg = Release|x64
		{8FA488B1-CC5E-4E96-95E4-B3C15C441E8A}.Release|x64.Build.0 = Release|x64
		{651174F0-D5ED-406B-B939-1134E4912B40}.Debug|Win32.ActiveCfg = Debug|Win32
		{651174F0-D5ED-406B-B939-1134E4912B40}.Debug|Win32.Build.0 = Debug|Win32
		{651174F0-D5ED-406B-B939-1134E4912B40}.Debug|x64.ActiveCfg = Debug|x64
		{651174F0-D5ED-406B-B939-1134E4912B40}.Debug|x64.Build.0 = Debug|x64
		{651174F0-D5ED-406B-B939-1134E4912B40}.Release|Win32.ActiveCfg = Release|Win32
		{651174F0-D5ED-406B-B939-1134E4912B40}.Release|Win32.Build.0 = Release|Win32
		{651174F0-D5ED-406B-B939-1134E4912B40}.Release|x64.ActiveCfg = Release|x64
		{651174F0-D5ED-406B-B939-1134E4912B40}.Release|x64.Build.0 = Release|x64
		{FF102E91-AB4B-4894-8C35-0DEEE099C8C7}.Debug|Win32.ActiveCfg = Debug|Win32
		{FF102E91-AB4B-4894-8C35-0DEEE099C8C7}.Debug|Win32.Build.0 = Debug|Win32
		{FF102E91-AB4B-4894-8C35-0DEEE099C8C7}.Debug|x64.ActiveCfg = Debug|x64
		{FF102E91-AB4B-4894-8C35-0DEEE099C8C7}.Debug|x64.Build.0 = Debug|x64
		{FF102E91-AB4B-4894-8C35-0DEEE099C8C7}.Release|Win32.ActiveCfg = Release|Win32
		{FF102E91-AB4B-4894-8C35-0DEEE099C8C7}.Release|Win32.Build.0 = Release|Win32
		{FF102E91-AB4B-4894-8C35-0DEEE099C8C7}.Release|x64.ActiveCfg = Release|x64
		{FF102E91-AB4B-4894-8C35-0DEEE099C8C7}.Release|x64.Build.0 = Release|x64
		{231DE472-34CE-43B0-9BD7-989DA8746888}.Debug|Win32.ActiveCfg = Release|Win32
		{231DE472-34CE-43B0-9BD7-989DA8746888}.Debug|Win32.Build.0 = Release|Win32
		{231DE472-34CE-43B0-9BD7-989DA8746888}.Debug|x64.ActiveCfg = Debug|x64
		{231DE472-34CE-43B0-9BD7-989DA8746888}.Debug|x64.Build.0 = Debug|x64
		{231DE472-34CE-43B0-9BD7-989DA8746888}.Release|Win32.ActiveCfg = Release|Win32
		{231DE472-34CE-43B0-9BD7-989DA8746888}.Release|Win32.Build.0 = Release|Win32
		{231DE472-34CE-43B0-9BD7-989DA8746888}.Release|x64.ActiveCfg = Release|x64
		{231DE472-34CE-43B0-9BD7-989DA8746888}.Release|x64.Build.0 = Release|x64
		{DB46754E-93D4-45E9-8F13-9A8968DDC9DF}.Debug|Win32.ActiveCfg = Debug|Win32
		{DB46754E-93D4-45E9-8F13-9A8968DDC9DF}.Debug|Win32.Build.0 = Debug|Win32
		{DB46754E-93D4-45E9-8F13-9A8968DDC9DF}.Debug|x64.ActiveCfg = Debug|x64
		{DB46754E-93D4-45E9-8F13-9A8968DDC9DF}.Debug|x64.Build.0 = Debug|x64
		{DB46754E-93D4-45E9-8F13-9A8968DDC9DF}.Release|Win32.ActiveCfg = Release|Win32
		{DB46754E-93D4-45E9-8F13-9A8968DDC9DF}.Release|Win32.Build.0 = Release|Win32
		{DB46754E-93D4-45E9-8F13-9A8968DDC9DF}.Release|x64.ActiveCfg = Release|x64
		{DB46754E-93D4-45E9-8F13-9A8968DDC9DF}.Release|x64.Build.0 = Release|x64
		{90DFEC26-D830-4E93-A102-89ED96360E75}.Debug|Win32.ActiveCfg = Debug|Win32
		{90DFEC26-D830-4E93-A102-89ED96360E75}.Debug|Win32.Build.0 = Debug|Win32
		{90DFEC26-D830-4E93-A102-89ED96360E75}.Debug|x64.ActiveCfg = Debug|x64
		{90DFEC26-D830-4E93-A102-89ED96360E75}.Debug|x64.Build.0 = Debug|x64
		{90DFEC26-D830-4E93-A102-89ED96360E75}.Release|Win32.ActiveCfg = Release|Win32
		{90DFEC26-D830-4E93-A102-89ED96360E75}.Release|Win32.Build.0 = Release|Win32
		{90DFEC26-D830-4E93-A102-89ED96360E75}.Release|x64.ActiveCfg = Release|x64
		{90DFEC26-D830-4E93-A102-89ED96360E75}.Release|x64.Build.0 = Release|x64
		{EF5E22DF-09AD-4446-B42B-BC4EFCDDB761}.Debug|Win32.ActiveCfg = Debug|Win32
		{EF5E22DF-09AD-4446-B42B-BC4EFCDDB761}.Debug|Win32.Build.0 = Debug|Win32
		{EF5E22DF-09AD-4446-B42B-BC4EFCDDB761}.Debug|x64.ActiveCfg = Debug|x64
		{EF5E22DF-09AD-4446-B42B-BC4EFCDDB761}.Debug|x64.Build.0 = Debug|x64
		{EF5E22DF-09AD-4446-B42B-BC4EFCDDB761}.Release|Win32.ActiveCfg = Release|Win32
		{EF5E22DF-09AD-4446-B42B-BC4EFCDDB761}.Release|Win32.Build.0 = Release|Win32
		{EF5E22DF-09AD-4446-B42B-BC4EFCDDB761}.Release|x64.ActiveCfg = Release|x64
		{EF5E22DF-09AD-4446-B42B-BC4EFCDDB761}.Release|x64.Build.0 = Release|x64
		{5C41931F-751D-4B8B-BD28-E92BCE24EE48}.Debug|Win32.ActiveCfg = Debug|Win32
		{5C41931F-751D-4B8B-BD28-E92BCE24EE48}.Debug|Win32.Build.0 = Debug|Win32
		{5C41931F-751D-4B8B-BD28-E92BCE24EE48}.Debug|x64.ActiveCfg = Debug|x64
		{5C41931F-751D-4B8B-BD28-E92BCE24EE48}.Debug|x64.Build.0 = Debug|x64
		{5C41931F-751D-4B8B-BD28-E92BCE24EE48}.Release|Win32.ActiveCfg = Release|Win32
		{5C41931F-751D-4B8B-BD28-E92BCE24EE48}.Release|Win32.Build.0 = Release|Win32
		{5C41931F-751D-4B8B-BD28-E92BCE24EE48}.Release|x64.ActiveCfg = Release|x64
		{5C41931F-751D-4B8B-BD28-E92BCE24EE48}.Release|x64.Build.0 = Release|x64
		{9A2F14F8-4EDB-4D74-85E9-5228B2EFF4A9}.Debug|Win32.ActiveCfg = Debug|Win32
		{9A2F14F8-4EDB-4D74-85E9-5228B2EFF4A9}.Debug|Win32.Build.0 = Debug|Win32
		{9A2F14F8-4EDB-4D74-85E9-5228B2EFF4A9}.Debug|x64.ActiveCfg = Debug|x64
		{9A2F14F8-4EDB-4D74-85E9-5228B2EFF4A9}.Debug|x64.Build.0 = Debug|x64
		{9A2F14F8-4EDB-4D74-85E9-5228B2EFF4A9}.Release|Win32.ActiveCfg = Release|Win32
		{9A2F14F8-4EDB-4D74-85E9-5228B2EFF4A9}.Release|Win32.Build.0 = Release|Win32
		{9A2F14F8-4EDB-4D74-85E9-5228B2EFF4A9}.Release|x64.ActiveCfg = Release|x64
		{9A2F14F8-4EDB-4D74-85E9-5228B2EFF4A9}.Release|x64.Build.0 = Release|x64
		{FEF7B296-AFD7-4AE5-80D9-91747CE8A3D9}.Debug|Win32.ActiveCfg = Debug|Win32
		{FEF7B296-AFD7-4AE5-80D9-91747CE8A3D9}.Debug|Win32.Build.0 = Debug|Win32
		{FEF7B296-AFD7-4AE5-80D9-91747CE8A3D9}.Debug|x64.ActiveCfg = Debug|x64
		{FEF7B296-AFD7-4AE5-80D9-91747CE8A3D9}.Debug|x64.Build.0 = Debug|x64
		{FEF7B296-AFD7-4AE5-80D9-91747CE8A3D9}.Release|Win32.ActiveCfg = Release|Win32
		{FEF7B296-AFD7-4AE5-80D9-91747CE8A3D9}.Release|Win32.Build.0 = Release|Win32
		{FEF7B296-AFD7-4AE5-80D9-91747CE8A3D9}.Release|x64.ActiveCfg = Release|x64
		{FEF7B296-AFD7-4AE5-80D9-91747CE8A3D9}.Release|x64.Build.0 = Release|x64
		{35E04AB3-3622-4FC1-8D70-FB12373B2B95}.Debug|Win32.ActiveCfg = Debug|Win32
		{35E04AB3-3622-4FC1-8D70-FB12373B2B95}.Debug|Win32.Build.0 = Debug|Win32
		{35E04AB3-3622-4FC1-8D70-FB12373B2B95}.Debug|x64.ActiveCfg = Debug|x64
		{35E04AB3-3622-4FC1-8D70-FB12373B2B95}.Debug|x64.Build.0 = Debug|x64
		{35E04AB3-3622-4FC1-8D70-FB12373B2B95}.Release|Win32.ActiveCfg = Release|Win32
		{35E04AB3-3622-4FC1-8D70-FB12373B2B95}.Release|Win32.Build.0 = Release|Win32
		{35E04AB3-3622-4FC1-8D70-FB12373B2B95}.Release|x64.ActiveCfg = Release|x64
		{35E04AB3-3622-4FC1-8D70-FB12373B2B95}.Release|x64.Build.0 = Release|x64
		{FFFB801E-8943-40F2-9404-111898387A11}.Debug|Win32.ActiveCfg = Debug|Win32
		{FFFB801E-8943-40F2-9404-111898387A11}.Debug|Win32.Build.0 = Debug|Win32
		{FFFB801E-8943-40F2-9404-111898387A11}.Debug|x64.ActiveCfg = Debug|x64
		{FFFB801E-8943-40F2-9404-111898387A11}.Debug|x64.Build.0 = Debug|x64
		{FFFB801E-8943-40F2-9404-111898387A11}.Release|Win32.ActiveCfg = Release|Win32
		{FFFB801E-8943-40F2-9404-111898387A11}.Release|Win32.Build.0 = Release|Win32
		{FFFB801E-8943-40F2-9404-111898387A11}.Release|x64.ActiveCfg = Release|x64
		{FFFB801E-8943-40F2-9404-111898387A11}.Release|x64.Build.0 = Release|x64
		{6B7FF0AE-799C-42D2-9E11-7C51D802FE5C}.Debug|Win32.ActiveCfg = Debug|Win32
		{6B7FF0AE-799C-42D2-9E11-7C51D802FE5C}.Debug|Win32.Build.0 = Debug|Win32
		{6B7FF0AE-799C-42D2-9E11-7C51D802FE5C}.Debug|x64.ActiveCfg = Debug|x64
		{6B7FF0AE-799C-42D2-9E11-7C51D802FE5C}.Debug|x64.Build.0 = Debug|x64
		{6B7FF0AE-799C-42D2-9E11-7C51D802FE5C}.Release|Win32.ActiveCfg = Release|Win32
		{6B7FF0AE-799C-42D2-9E11-7C51D802FE5C}.Release|Win32.Build.0 = Release|Win32
		{6B7FF0AE-799C-42D2-9E11-7C51D802FE5C}.Release|x64.ActiveCfg = Release|x64
		{6B7FF0AE-799C-42D2-9E11-7C51D802FE5C}.Release|x64.Build.0 = Release|x64
	EndGlobalSection
	GlobalSection(SolutionProperties) = preSolution
		HideSolutionNode = FALSE
	EndGlobalSection
EndGlobal
